
Microsoft Visual Studio Solution File, Format Version 12.00
# Visual Studio Version 17
VisualStudioVersion = 17.4.33213.308
MinimumVisualStudioVersion = 10.0.40219.1
Project("{FAE04EC0-301F-11D3-BF4B-00C04F79EFBC}") = "Logistics", "Logistics\Logistics.csproj", "{F58663B9-3444-4763-9A5F-8B2AA410568E}"
EndProject
Global
	GlobalSection(SolutionConfigurationPlatforms) = preSolution
		Debug|Any CPU = Debug|Any CPU
		Release|Any CPU = Release|Any CPU
	EndGlobalSection
	GlobalSection(ProjectConfigurationPlatforms) = postSolution
		{F58663B9-3444-4763-9A5F-8B2AA410568E}.Debug|Any CPU.ActiveCfg = Debug|Any CPU
		{F58663B9-3444-4763-9A5F-8B2AA410568E}.Debug|Any CPU.Build.0 = Debug|Any CPU
		{F58663B9-3444-4763-9A5F-8B2AA410568E}.Release|Any CPU.ActiveCfg = Release|Any CPU
		{F58663B9-3444-4763-9A5F-8B2AA410568E}.Release|Any CPU.Build.0 = Release|Any CPU
	EndGlobalSection
	GlobalSection(SolutionProperties) = preSolution
		HideSolutionNode = FALSE
	EndGlobalSection
	GlobalSection(ExtensibilityGlobals) = postSolution
		SolutionGuid = {B3F7F258-BD5C-4182-A86A-7AB4CCE045B9}
	EndGlobalSection
EndGlobal
